# This file is autogenerated, do not edit; changes may be undone by the next 'dep ensure'.


[[projects]]
  digest = "1:af6e785bedb62fc2abb81977c58a7a44e5cf9f7e41b8d3c8dd4d872edea0ce08"
  name = "github.com/NYTimes/gziphandler"
  packages = ["."]
  pruneopts = "UT"
  revision = "dd0439581c7657cb652dfe5c71d7d48baf39541d"
  version = "v1.1.1"

[[projects]]
  branch = "master"
  digest = "1:4d8360adb0f9d82a099e1a37f66343f39ae4c26a393a83215208eecdbd7b7750"
  name = "github.com/SkycoinProject/cx-chains"
  packages = [
    "src/api",
    "src/cipher",
    "src/cipher/base58",
    "src/cipher/bip39",
    "src/cipher/bip39/wordlists",
    "src/cipher/chacha20poly1305",
    "src/cipher/chacha20poly1305/internal/chacha20",
    "src/cipher/encoder",
    "src/cipher/encrypt",
    "src/cipher/pbkdf2",
    "src/cipher/poly1305",
    "src/cipher/ripemd160",
    "src/cipher/scrypt",
    "src/cipher/secp256k1-go",
    "src/cipher/secp256k1-go/secp256k1-go2",
    "src/cli",
    "src/coin",
    "src/daemon",
    "src/daemon/gnet",
    "src/daemon/pex",
    "src/daemon/strand",
    "src/fiber",
    "src/kvstorage",
    "src/params",
    "src/readable",
    "src/skycoin",
    "src/transaction",
    "src/util/apputil",
    "src/util/certutil",
    "src/util/droplet",
    "src/util/elapse",
    "src/util/fee",
    "src/util/file",
    "src/util/http",
    "src/util/iputil",
    "src/util/logging",
    "src/util/mathutil",
    "src/util/timeutil",
    "src/util/useragent",
    "src/visor",
    "src/visor/blockdb",
    "src/visor/dbutil",
    "src/visor/historydb",
    "src/wallet",
  ]
  pruneopts = "UT"
  revision = "7696b1dfd81c1e6ab7e12c07a91d6fb262e7000f"

[[projects]]
  branch = "master"
  digest = "1:5a0ac62e41d2cbad6307533f8802c5b73959271e05d19afcd4f22232f673450b"
  name = "github.com/SkycoinProject/gltext"
  packages = ["."]
  pruneopts = "UT"
  revision = "afdd8ff94e1488de4738901a5e1cccbb9c72483a"

[[projects]]
  digest = "1:9faff291786e1bed5f015ff10c38e054ec8ea5cba0b2d7b02663ca91a808c1ea"
  name = "github.com/SkycoinProject/skycoin"
  packages = [
    "src/cipher",
    "src/cipher/base58",
    "src/cipher/bip32",
    "src/cipher/bip44",
    "src/cipher/encoder",
    "src/cipher/ripemd160",
    "src/cipher/secp256k1-go",
    "src/cipher/secp256k1-go/secp256k1-go2",
    "src/fiber",
    "src/util/logging",
    "src/util/useragent",
  ]
  pruneopts = "UT"
  revision = "66f5df5849d339d403a475d523ebe7d1a4c92c31"
  version = "v0.27.0"

[[projects]]
  digest = "1:d6afaeed1502aa28e80a4ed0981d570ad91b2579193404256ce672ed0a609e0d"
  name = "github.com/beorn7/perks"
  packages = ["quantile"]
  pruneopts = "UT"
  revision = "37c8de3658fcb183f997c4e13e8337516ab753e6"
  version = "v1.0.1"

[[projects]]
  digest = "1:91e904d606ad35df7b5b8549d4118594bafbf492ef98b23f6ce6ed71fc64775c"
  name = "github.com/blang/semver"
  packages = ["."]
  pruneopts = "UT"
  revision = "af3461a9cbcf1f3f5889d21b83f5ef63880c33a8"
  version = "v4.0.0"

[[projects]]
  digest = "1:0f98f59e9a2f4070d66f0c9c39561f68fcd1dc837b22a852d28d0003aebd1b1e"
  name = "github.com/boltdb/bolt"
  packages = ["."]
  pruneopts = "UT"
  revision = "2f1ce7a837dcb8da3ec595b1dac9d0632f0f99e8"
  version = "v1.3.1"

[[projects]]
  digest = "1:4ba637038f22c9065994c0cd734118fc75e0c744f855fd3edbd3b923d1f41d44"
  name = "github.com/cenkalti/backoff"
  packages = ["."]
  pruneopts = "UT"
  revision = "61153c768f31ee5f130071d08fc82b85208528de"
  version = "v1.1.0"

[[projects]]
  digest = "1:80057945464ffb5b0da1f026beb8df0e8dbd098eaf771a349291bed2cd29a83e"
  name = "github.com/fsnotify/fsnotify"
  packages = ["."]
  pruneopts = "UT"
  revision = "45d7d09e39ef4ac08d493309fa031790c15bfe8a"
  version = "v1.4.9"

[[projects]]
  branch = "master"
  digest = "1:7a6377256f670508711c56c25556d639e673c0fa0f519c5a758fdcbfc8af9ac8"
  name = "github.com/golang/freetype"
  packages = [
    ".",
    "raster",
    "truetype",
  ]
  pruneopts = "UT"
  revision = "e2365dfdc4a05e4b8299a783240d4a7d5a65d4e4"

[[projects]]
  digest = "1:4a32eb57407190eced21a21abee9ce4d4ab6f0bf113ca61cb1cb2d549a65c985"
  name = "github.com/golang/protobuf"
  packages = [
    "proto",
    "ptypes",
    "ptypes/any",
    "ptypes/duration",
    "ptypes/timestamp",
  ]
  pruneopts = "UT"
  revision = "d04d7b157bb510b1e0c10132224b616ac0e26b17"
  version = "v1.4.2"

[[projects]]
  digest = "1:c0d19ab64b32ce9fe5cf4ddceba78d5bc9807f0016db6b1183599da3dcc24d10"
  name = "github.com/hashicorp/hcl"
  packages = [
    ".",
    "hcl/ast",
    "hcl/parser",
    "hcl/printer",
    "hcl/scanner",
    "hcl/strconv",
    "hcl/token",
    "json/parser",
    "json/scanner",
    "json/token",
  ]
  pruneopts = "UT"
  revision = "8cb6e5b959231cc1119e43259c4a608f9c51a241"
  version = "v1.0.0"

[[projects]]
  digest = "1:870d441fe217b8e689d7949fef6e43efbc787e50f200cb1e70dbca9204a1d6be"
  name = "github.com/inconshreveable/mousetrap"
  packages = ["."]
  pruneopts = "UT"
  revision = "76626ae9c91c4f2a10f34cad8ce83ea42c93bb75"
  version = "v1.0"

[[projects]]
  branch = "master"
  digest = "1:ae940e9156d0d778ce1991bcc99e58fa5ca2790ddf7c5f0bc05385854416f7a6"
  name = "github.com/jinzhu/copier"
  packages = ["."]
  pruneopts = "UT"
  revision = "b57f9002281ac48ed8cbc489b1e91121e1a0824c"

[[projects]]
  digest = "1:09cb61dc19af93deae01587e2fdb1c081e0bf48f1a5ad5fa24f48750dc57dce8"
  name = "github.com/konsorten/go-windows-terminal-sequences"
  packages = ["."]
  pruneopts = "UT"
  revision = "edb144dfd453055e1e49a3d8b410a660b5a87613"
  version = "v1.0.3"

[[projects]]
  digest = "1:5a0ef768465592efca0412f7e838cdc0826712f8447e70e6ccc52eb441e9ab13"
  name = "github.com/magiconair/properties"
  packages = ["."]
  pruneopts = "UT"
  revision = "de8848e004dd33dc07a2947b3d76f618a7fc7ef1"
  version = "v1.8.1"

[[projects]]
  digest = "1:864f9b9a3bc9255934cbb5e94d5f761d726085894915403289fbae6fb3415f98"
  name = "github.com/mattn/go-colorable"
  packages = ["."]
  pruneopts = "UT"
  revision = "f6c00982823144337e56cdb71c712eaac151d29c"
  version = "v0.1.7"

[[projects]]
  digest = "1:0c58d31abe2a2ccb429c559b6292e7df89dcda675456fecc282fa90aa08273eb"
  name = "github.com/mattn/go-isatty"
  packages = ["."]
  pruneopts = "UT"
  revision = "7b513a986450394f7bbf1476909911b3aa3a55ce"
  version = "v0.0.12"

[[projects]]
  digest = "1:ff5ebae34cfbf047d505ee150de27e60570e8c394b3b8fdbb720ff6ac71985fc"
  name = "github.com/matttproud/golang_protobuf_extensions"
  packages = ["pbutil"]
  pruneopts = "UT"
  revision = "c12348ce28de40eed0136aa2b644d0ee0650e56c"
  version = "v1.0.1"

[[projects]]
  branch = "master"
  digest = "1:156ffa10bf53a39da78ff667c0084fd09d87b2345708d697f6faa45b7571dfa4"
  name = "github.com/mgutz/ansi"
  packages = ["."]
  pruneopts = "UT"
  revision = "d51e80ef957dba7f19388ca64afefbd5a096af30"

[[projects]]
  digest = "1:aff0e9185b5df855488a42e064cb479e994636d3cefa47d053495123d086add4"
  name = "github.com/mitchellh/mapstructure"
  packages = ["."]
  pruneopts = "UT"
  revision = "9e1e4717f8567d7ead72d070d064ad17d444a67e"
  version = "v1.3.3"

[[projects]]
  branch = "master"
  digest = "1:e6ceff2fde44e740f666c25aa5b2a34c206ba092c8b8c0177759f02340f20ede"
  name = "github.com/mjibson/go-dsp"
  packages = ["wav"]
  pruneopts = "UT"
  revision = "11479a337f1259210b7c8f93f7bf2b0cc87b066e"

[[projects]]
  digest = "1:53aab5f59edb1cd47773bbbb5b1b6d0b76b0c9e31cfac670a0bb7ccc917e98a3"
  name = "github.com/pelletier/go-toml"
  packages = ["."]
  pruneopts = "UT"
  revision = "16c9a8bdc086a2130a88eff98df4088e4c359bb2"
  version = "v1.8.0"

[[projects]]
  digest = "1:d14a5f4bfecf017cb780bdde1b6483e5deb87e12c332544d2c430eda58734bcb"
  name = "github.com/prometheus/client_golang"
  packages = [
    "prometheus",
    "prometheus/promhttp",
  ]
  pruneopts = "UT"
  revision = "c5b7fccd204277076155f10851dad72b76a49317"
  version = "v0.8.0"

[[projects]]
  digest = "1:0db23933b8052702d980a3f029149b3f175f7c0eea0cff85b175017d0f2722c0"
  name = "github.com/prometheus/client_model"
  packages = ["go"]
  pruneopts = "UT"
  revision = "7bc5445566f0fe75b15de23e6b93886e982d7bf9"
  version = "v0.2.0"

[[projects]]
  digest = "1:ac604c52fc5691ab7d7b897e0076d31542072b3d941845651a470e9b0797ea69"
  name = "github.com/prometheus/common"
  packages = [
    "expfmt",
    "internal/bitbucket.org/ww/goautoneg",
    "model",
  ]
  pruneopts = "UT"
  revision = "6162074431988128c0a63a91ed22b11685777868"
  version = "v0.10.0"

[[projects]]
  digest = "1:5294a2f530e1e82234a20d85d262fa41e87e07e7717f65974c9162aca26d405b"
  name = "github.com/prometheus/procfs"
  packages = [
    ".",
    "internal/fs",
    "internal/util",
  ]
  pruneopts = "UT"
  revision = "3a900613711866765af641f387dad41b639dbdc4"
  version = "v0.1.3"

[[projects]]
  digest = "1:c5dfe46811af7e2eff7c11fc84b6c841520338613c056f659f262d5a4fb42fa8"
  name = "github.com/rs/cors"
  packages = ["."]
  pruneopts = "UT"
  revision = "db0fe48135e83b5812a5a31be0eea66984b1b521"
  version = "v1.7.0"

[[projects]]
  digest = "1:274f67cb6fed9588ea2521ecdac05a6d62a8c51c074c1fccc6a49a40ba80e925"
  name = "github.com/satori/go.uuid"
  packages = ["."]
  pruneopts = "UT"
  revision = "f58768cc1a7a7e77a3bd49e98cdd21419399b6a3"
  version = "v1.2.0"

[[projects]]
  digest = "1:ae3c4c486b4de2c71f6e1b9e53d125d13c80aaecc549e9a93342e8274ec761f4"
  name = "github.com/shopspring/decimal"
  packages = ["."]
  pruneopts = "UT"
  revision = "2568a29459476f824f35433dfbef158d6ad8618c"
  version = "v1.2.0"

[[projects]]
  digest = "1:05eebdd5727fea23083fce0d98d307d70c86baed644178e81608aaa9f09ea469"
  name = "github.com/sirupsen/logrus"
  packages = ["."]
  pruneopts = "UT"
  revision = "60c74ad9be0d874af0ab0daef6ab07c5c5911f0d"
  version = "v1.6.0"

[[projects]]
  digest = "1:88434e0bb3b3dbbae708c62511b04d005c0fda7a9d2bda40c29894f16bd6bb76"
  name = "github.com/spf13/afero"
  packages = [
    ".",
    "mem",
  ]
  pruneopts = "UT"
  revision = "238028b461aa4b67a4f04c765fa37354b75b749c"
  version = "v1.3.3"

[[projects]]
  digest = "1:ff4cd55a3666b6ea3a876c9e133bfb54d6c812e725409a773f2c94a0b3a92f4f"
  name = "github.com/spf13/cast"
  packages = ["."]
  pruneopts = "UT"
  revision = "1ffadf551085444af981432dd0f6d1160c11ec64"
  version = "v1.3.1"

[[projects]]
  digest = "1:f6adcf4df6c030a53a14a8fdbb3fade7cac3d014ff78a4e0de500b4c0cf5154f"
  name = "github.com/spf13/cobra"
  packages = ["."]
  pruneopts = "UT"
  revision = "a684a6d7f5e37385d954dd3b5a14fc6912c6ab9d"
  version = "v1.0.0"

[[projects]]
  digest = "1:1b753ec16506f5864d26a28b43703c58831255059644351bbcb019b843950900"
  name = "github.com/spf13/jwalterweatherman"
  packages = ["."]
  pruneopts = "UT"
  revision = "94f6ae3ed3bceceafa716478c5fbf8d29ca601a1"
  version = "v1.1.0"

[[projects]]
  digest = "1:524b71991fc7d9246cc7dc2d9e0886ccb97648091c63e30eef619e6862c955dd"
  name = "github.com/spf13/pflag"
  packages = ["."]
  pruneopts = "UT"
  revision = "2e9d26c8c37aae03e3f9d4e90b7116f5accb7cab"
  version = "v1.0.5"

[[projects]]
  digest = "1:b3027d4cb73b6576e8818c1012389dbcd8385e34bb8e4ee024891214c4338725"
  name = "github.com/spf13/viper"
  packages = ["."]
  pruneopts = "UT"
  revision = "3826be313591f83193f048520482a7b3cf17d506"
  version = "v1.7.1"

[[projects]]
  digest = "1:f4b32291cad5efac2bfdba89ccde6aa04618b62ce06c1a571da2dc4f3f2677fb"
  name = "github.com/subosito/gotenv"
  packages = ["."]
  pruneopts = "UT"
  revision = "2ef7124db659d49edac6aa459693a15ae36c671a"
  version = "v1.2.0"

[[projects]]
  branch = "master"
  digest = "1:d0f38989d9912584151e0cf70aa6e182a9be1a4c8118c3ecf52742c1fc0572bb"
  name = "github.com/theherk/viper"
  packages = ["."]
  pruneopts = "UT"
  revision = "e0502e82247dc662b1e65f76039989bda914cfad"

[[projects]]
  digest = "1:a7c5dd394613ae5166506781aa8176945fefb57e55658fb15569328445ec27d7"
  name = "github.com/toqueteos/webbrowser"
  packages = ["."]
  pruneopts = "UT"
  revision = "61ea02ef245a3e53cac7b95223b662592f6a7bf1"
  version = "v1.2.0"

[[projects]]
  digest = "1:ca4df663ad76879ad38dbd736493679cbb1aa596c6d479fd9fc5e959e5ceb4fb"
  name = "github.com/urfave/cli"
  packages = ["."]
  pruneopts = "UT"
  revision = "e6cf83ec39f6e1158ced1927d4ed14578fda8edb"
  version = "v1.21.0"

[[projects]]
  branch = "master"
  digest = "1:c381e2867d447cca3e74dbfb0c8ed371a4583c694b35838c5c642a2b79480fc6"
  name = "golang.org/x/crypto"
  packages = ["ssh/terminal"]
  pruneopts = "UT"
  revision = "123391ffb6de907695e1066dc40c1ff09322aeb6"

[[projects]]
  branch = "master"
  digest = "1:bd0386f82340fd1d7aa5a0046af0c39a7de15dadcddc1688e64255aba372a600"
  name = "golang.org/x/exp"
  packages = [
    "shiny/driver/gldriver",
    "shiny/driver/internal/drawer",
    "shiny/driver/internal/errscreen",
    "shiny/driver/internal/event",
    "shiny/driver/internal/lifecycler",
    "shiny/driver/internal/win32",
    "shiny/driver/internal/x11key",
    "shiny/screen",
  ]
  pruneopts = "UT"
  revision = "00229845015e38294862ecd9909318241789d41c"

[[projects]]
  branch = "master"
  digest = "1:d9cbed0c6b3e34fb8481c8ca70feaf8c671e1abca3c35124ede8b7c3f651c0fc"
  name = "golang.org/x/image"
  packages = [
    "font",
    "math/f64",
    "math/fixed",
  ]
  pruneopts = "UT"
  revision = "972c09e46d762a13c1a3c48b1fa9b87e2c537805"

[[projects]]
  branch = "master"
  digest = "1:c34b549b13995e7e7d7156ffe2989e23f95e17e10c8a9b76188fe492a2e4c0de"
  name = "golang.org/x/mobile"
  packages = [
    "app",
    "app/internal/callfn",
    "asset",
    "event/key",
    "event/lifecycle",
    "event/mouse",
    "event/paint",
    "event/size",
    "event/touch",
    "exp/audio/al",
    "geom",
    "gl",
    "internal/mobileinit",
  ]
  pruneopts = "UT"
  revision = "973feb4309de5c3aad0553fc987d76abf1fa58f7"

[[projects]]
  branch = "master"
  digest = "1:76ee51c3f468493aff39dbacc401e8831fbb765104cbf613b89bef01cf4bad70"
  name = "golang.org/x/net"
  packages = ["context"]
  pruneopts = "UT"
  revision = "ab34263943818b32f575efc978a3d24e80b04bd7"

[[projects]]
  branch = "master"
  digest = "1:b0963726f8aff96b8888fb26e5950ba394d70b7b9c2141782f03d2ca5a16be2e"
  name = "golang.org/x/sys"
  packages = [
    "internal/unsafeheader",
    "unix",
    "windows",
  ]
  pruneopts = "UT"
  revision = "4b90ce9b60b31bd0d0cbceb17532b5c810912f88"

[[projects]]
  digest = "1:a2c690dfee42801a26a0e88f69206feca8a3c2437fd476d84767468d7d7708e9"
  name = "golang.org/x/text"
  packages = [
    "internal/gen",
    "internal/triegen",
    "internal/ucd",
    "transform",
    "unicode/cldr",
    "unicode/norm",
  ]
  pruneopts = "UT"
  revision = "23ae387dee1f90d29a23c0e87ee0b46038fbed0e"
  version = "v0.3.3"

[[projects]]
  digest = "1:fd328c5b52e433ea3ffc891bcc4f94469a82bf478558208db2b386aad8a304a1"
  name = "google.golang.org/protobuf"
  packages = [
    "encoding/prototext",
    "encoding/protowire",
    "internal/descfmt",
    "internal/descopts",
    "internal/detrand",
    "internal/encoding/defval",
    "internal/encoding/messageset",
    "internal/encoding/tag",
    "internal/encoding/text",
    "internal/errors",
    "internal/fieldsort",
    "internal/filedesc",
    "internal/filetype",
    "internal/flags",
    "internal/genid",
    "internal/impl",
    "internal/mapsort",
    "internal/pragma",
    "internal/set",
    "internal/strs",
    "internal/version",
    "proto",
    "reflect/protoreflect",
    "reflect/protoregistry",
    "runtime/protoiface",
    "runtime/protoimpl",
    "types/known/anypb",
    "types/known/durationpb",
    "types/known/timestamppb",
  ]
  pruneopts = "UT"
  revision = "3f7a61f89bb6813f89d981d1870ed68da0b3c3f1"
  version = "v1.25.0"

[[projects]]
  digest = "1:2a8ce9278a57dba0bca00383d26744e88324c2696ad8538b3f7a69067d02d78c"
  name = "gopkg.in/ini.v1"
  packages = ["."]
  pruneopts = "UT"
  revision = "1fc6efb6f20ef065ae00baf7f4fa7722cad0ec34"
  version = "v1.57.0"

[[projects]]
  digest = "1:d7f1bd887dc650737a421b872ca883059580e9f8314d601f88025df4f4802dce"
  name = "gopkg.in/yaml.v2"
  packages = ["."]
  pruneopts = "UT"
  revision = "0b1645d91e851e735d3e23330303ce81f70adbe3"
  version = "v2.3.0"

[solve-meta]
  analyzer-name = "dep"
  analyzer-version = 1
  input-imports = [
    "github.com/SkycoinProject/cx-chains/src/api",
    "github.com/SkycoinProject/cx-chains/src/cipher",
    "github.com/SkycoinProject/cx-chains/src/cipher/encoder",
    "github.com/SkycoinProject/cx-chains/src/cli",
    "github.com/SkycoinProject/cx-chains/src/coin",
    "github.com/SkycoinProject/cx-chains/src/fiber",
    "github.com/SkycoinProject/cx-chains/src/readable",
    "github.com/SkycoinProject/cx-chains/src/skycoin",
    "github.com/SkycoinProject/cx-chains/src/util/logging",
    "github.com/SkycoinProject/cx-chains/src/visor",
    "github.com/SkycoinProject/cx-chains/src/wallet",
    "github.com/SkycoinProject/gltext",
    "github.com/SkycoinProject/skycoin/src/cipher",
    "github.com/SkycoinProject/skycoin/src/cipher/encoder",
    "github.com/SkycoinProject/skycoin/src/fiber",
    "github.com/SkycoinProject/skycoin/src/util/logging",
    "github.com/SkycoinProject/skycoin/src/util/useragent",
    "github.com/jinzhu/copier",
    "github.com/mjibson/go-dsp/wav",
    "github.com/satori/go.uuid",
    "github.com/theherk/viper",
    "github.com/urfave/cli",
    "golang.org/x/mobile/app",
    "golang.org/x/mobile/asset",
    "golang.org/x/mobile/event/lifecycle",
    "golang.org/x/mobile/event/paint",
    "golang.org/x/mobile/event/size",
    "golang.org/x/mobile/event/touch",
    "golang.org/x/mobile/exp/audio/al",
    "golang.org/x/mobile/gl",
  ]
  solver-name = "gps-cdcl"
  solver-version = 1
