# This file is autogenerated, do not edit; changes may be undone by the next 'dep ensure'.


[[projects]]
  branch = "master"
  digest = "1:b02d70141c59b87bb1cf1ea8203b0a3ef0faf274154d839ca0e34d057f69b94b"
  name = "github.com/go-gl/gl"
  packages = ["v2.1/gl"]
  pruneopts = "UT"
  revision = "bf2b1f2f34d7f6a60a99a830f65dcd6afb0c6587"

[[projects]]
  branch = "master"
  digest = "1:4a56a109a6185707d4d820f5188404f9cc1bdecb7b4a905d4edfd91d4137ebdc"
  name = "github.com/go-gl/glfw"
  packages = ["v3.2/glfw"]
  pruneopts = "UT"
  revision = "e6da0acd62b1b57ee2799d4d0a76a7d4514dc5bc"

[[projects]]
  branch = "master"
  digest = "1:8a14a98280510fa2f8485b2e8d61ad7d105e8d6582dea287a16c122d33db89c6"
  name = "github.com/go-gl/gltext"
  packages = ["."]
  pruneopts = "UT"
  revision = "01a355945a709027bfe912f07e2c7dd8d1050e89"

[[projects]]
  branch = "master"
  digest = "1:7a6377256f670508711c56c25556d639e673c0fa0f519c5a758fdcbfc8af9ac8"
  name = "github.com/golang/freetype"
  packages = [
    ".",
    "raster",
    "truetype",
  ]
  pruneopts = "UT"
  revision = "e2365dfdc4a05e4b8299a783240d4a7d5a65d4e4"

[[projects]]
  digest = "1:274f67cb6fed9588ea2521ecdac05a6d62a8c51c074c1fccc6a49a40ba80e925"
  name = "github.com/satori/go.uuid"
  packages = ["."]
  pruneopts = "UT"
  revision = "f58768cc1a7a7e77a3bd49e98cdd21419399b6a3"
  version = "v1.2.0"

[[projects]]
  branch = "master"
  digest = "1:067f0ed830568eae456ab9dbadf174c9d77eceb66a9f1a30eb00dd5be4aac115"
  name = "github.com/skycoin/gltext"
  packages = ["."]
  pruneopts = "UT"
  revision = "b86a26479c3e25ac0f13e195bd2c0554bcf2f837"

[[projects]]
  digest = "1:45231abff754107bd6269785fcae79dab7580b5f21af6dd23359414cbd857c92"
  name = "github.com/skycoin/skycoin"
  packages = ["src/cipher/encoder"]
  pruneopts = "UT"
  revision = "9b5f9f9715910798b0fa918819c27b362a47a0a4"
  version = "v0.25.1"

[[projects]]
  branch = "master"
  digest = "1:6d674a768fd27ad126eb8357ebbc14cb5b000badd62d4b7cbe403abb231e099e"
  name = "golang.org/x/image"
  packages = [
    "font",
    "math/fixed",
  ]
  pruneopts = "UT"
  revision = "3fc05d484e9f77dd51816890e05f2602e4ca4d65"

[solve-meta]
  analyzer-name = "dep"
  analyzer-version = 1
  input-imports = [
    "github.com/go-gl/gl/v2.1/gl",
    "github.com/go-gl/glfw/v3.2/glfw",
    "github.com/go-gl/gltext",
    "github.com/satori/go.uuid",
    "github.com/skycoin/gltext",
    "github.com/skycoin/skycoin/src/cipher/encoder",
  ]
  solver-name = "gps-cdcl"
  solver-version = 1
